
Microsoft Visual Studio Solution File, Format Version 12.00
# Visual Studio Version 18
VisualStudioVersion = 18.3.11512.155
MinimumVisualStudioVersion = 10.0.40219.1
Project("{2150E333-8FDC-42A3-9474-1A3956D46DE8}") = "src", "src", "{02EA681E-C7D8-13C7-8484-4AC65E1B71E8}"
EndProject
Project("{2150E333-8FDC-42A3-9474-1A3956D46DE8}") = "test", "test", "{DA84CCC6-F200-45AA-883B-05030414EAE4}"
EndProject
Project("{FAE04EC0-301F-11D3-BF4B-00C04F79EFBC}") = "Bookify.Domain", "Bookify.Domain\Bookify.Domain.csproj", "{DF3580B6-DD82-453D-B103-FB5E573ECECB}"
EndProject
Project("{FAE04EC0-301F-11D3-BF4B-00C04F79EFBC}") = "Bookify.Application", "Bookify.Application\Bookify.Application.csproj", "{C26054E3-4677-47A5-BDE7-B7B824F88CBD}"
EndProject
Project("{FAE04EC0-301F-11D3-BF4B-00C04F79EFBC}") = "Bookify.Infrastructure", "Bookify.Infrastructure\Bookify.Infrastructure.csproj", "{975591C3-7CCA-4785-97FF-DB73CC2CE07A}"
EndProject
Project("{FAE04EC0-301F-11D3-BF4B-00C04F79EFBC}") = "Bookify.Api", "Bookify.Api\Bookify.Api.csproj", "{45718D3B-962C-4939-9F73-2A619FF0AD66}"
EndProject
Project("{E53339B2-1760-4266-BCC7-CA923CBCF16C}") = "docker-compose", "docker-compose.dcproj", "{81DDED9D-158B-E303-5F62-77A2896D2A5A}"
EndProject
Project("{FAE04EC0-301F-11D3-BF4B-00C04F79EFBC}") = "Bookify.Domain.UnitTests", "..\test\Bookify.Domain.UnitTests\Bookify.Domain.UnitTests.csproj", "{A23D7EEF-ABE8-47D4-A826-BA25958CEF5D}"
EndProject
Project("{FAE04EC0-301F-11D3-BF4B-00C04F79EFBC}") = "Bookify.Application.UnitTests", "..\test\Bookify.Application.UnitTests\Bookify.Application.UnitTests.csproj", "{F327C9E5-EBD8-4CD8-8AFB-79698C13CCD3}"
EndProject
Project("{FAE04EC0-301F-11D3-BF4B-00C04F79EFBC}") = "Bookify.Application.IntegrationTests", "..\test\Bookify.Application.IntegrationTests\Bookify.Application.IntegrationTests.csproj", "{FBEC18CD-47DC-4309-874D-6286424E4F2D}"
EndProject
Project("{FAE04EC0-301F-11D3-BF4B-00C04F79EFBC}") = "Bookify.Api.FunctionalTests", "..\test\Bookify.Api.FunctionalTests\Bookify.Api.FunctionalTests.csproj", "{F7752F07-71D7-44D8-BEEA-4D1DCA9ABFEE}"
EndProject
Project("{FAE04EC0-301F-11D3-BF4B-00C04F79EFBC}") = "Bookify.ArchitectureTests", "..\test\Bookify.ArchitectureTests\Bookify.ArchitectureTests.csproj", "{812CED70-D39E-4C40-8073-1C2262B5CFD0}"
EndProject
Global
	GlobalSection(SolutionConfigurationPlatforms) = preSolution
		Debug|Any CPU = Debug|Any CPU
		Release|Any CPU = Release|Any CPU
	EndGlobalSection
	GlobalSection(ProjectConfigurationPlatforms) = postSolution
		{DF3580B6-DD82-453D-B103-FB5E573ECECB}.Debug|Any CPU.ActiveCfg = Debug|Any CPU
		{DF3580B6-DD82-453D-B103-FB5E573ECECB}.Debug|Any CPU.Build.0 = Debug|Any CPU
		{DF3580B6-DD82-453D-B103-FB5E573ECECB}.Release|Any CPU.ActiveCfg = Release|Any CPU
		{DF3580B6-DD82-453D-B103-FB5E573ECECB}.Release|Any CPU.Build.0 = Release|Any CPU
		{C26054E3-4677-47A5-BDE7-B7B824F88CBD}.Debug|Any CPU.ActiveCfg = Debug|Any CPU
		{C26054E3-4677-47A5-BDE7-B7B824F88CBD}.Debug|Any CPU.Build.0 = Debug|Any CPU
		{C26054E3-4677-47A5-BDE7-B7B824F88CBD}.Release|Any CPU.ActiveCfg = Release|Any CPU
		{C26054E3-4677-47A5-BDE7-B7B824F88CBD}.Release|Any CPU.Build.0 = Release|Any CPU
		{975591C3-7CCA-4785-97FF-DB73CC2CE07A}.Debug|Any CPU.ActiveCfg = Debug|Any CPU
		{975591C3-7CCA-4785-97FF-DB73CC2CE07A}.Debug|Any CPU.Build.0 = Debug|Any CPU
		{975591C3-7CCA-4785-97FF-DB73CC2CE07A}.Release|Any CPU.ActiveCfg = Release|Any CPU
		{975591C3-7CCA-4785-97FF-DB73CC2CE07A}.Release|Any CPU.Build.0 = Release|Any CPU
		{45718D3B-962C-4939-9F73-2A619FF0AD66}.Debug|Any CPU.ActiveCfg = Debug|Any CPU
		{45718D3B-962C-4939-9F73-2A619FF0AD66}.Debug|Any CPU.Build.0 = Debug|Any CPU
		{45718D3B-962C-4939-9F73-2A619FF0AD66}.Release|Any CPU.ActiveCfg = Release|Any CPU
		{45718D3B-962C-4939-9F73-2A619FF0AD66}.Release|Any CPU.Build.0 = Release|Any CPU
		{81DDED9D-158B-E303-5F62-77A2896D2A5A}.Debug|Any CPU.ActiveCfg = Debug|Any CPU
		{81DDED9D-158B-E303-5F62-77A2896D2A5A}.Debug|Any CPU.Build.0 = Debug|Any CPU
		{81DDED9D-158B-E303-5F62-77A2896D2A5A}.Release|Any CPU.ActiveCfg = Release|Any CPU
		{81DDED9D-158B-E303-5F62-77A2896D2A5A}.Release|Any CPU.Build.0 = Release|Any CPU
		{A23D7EEF-ABE8-47D4-A826-BA25958CEF5D}.Debug|Any CPU.ActiveCfg = Debug|Any CPU
		{A23D7EEF-ABE8-47D4-A826-BA25958CEF5D}.Debug|Any CPU.Build.0 = Debug|Any CPU
		{A23D7EEF-ABE8-47D4-A826-BA25958CEF5D}.Release|Any CPU.ActiveCfg = Release|Any CPU
		{A23D7EEF-ABE8-47D4-A826-BA25958CEF5D}.Release|Any CPU.Build.0 = Release|Any CPU
		{F327C9E5-EBD8-4CD8-8AFB-79698C13CCD3}.Debug|Any CPU.ActiveCfg = Debug|Any CPU
		{F327C9E5-EBD8-4CD8-8AFB-79698C13CCD3}.Debug|Any CPU.Build.0 = Debug|Any CPU
		{F327C9E5-EBD8-4CD8-8AFB-79698C13CCD3}.Release|Any CPU.ActiveCfg = Release|Any CPU
		{F327C9E5-EBD8-4CD8-8AFB-79698C13CCD3}.Release|Any CPU.Build.0 = Release|Any CPU
		{FBEC18CD-47DC-4309-874D-6286424E4F2D}.Debug|Any CPU.ActiveCfg = Debug|Any CPU
		{FBEC18CD-47DC-4309-874D-6286424E4F2D}.Debug|Any CPU.Build.0 = Debug|Any CPU
		{FBEC18CD-47DC-4309-874D-6286424E4F2D}.Release|Any CPU.ActiveCfg = Release|Any CPU
		{FBEC18CD-47DC-4309-874D-6286424E4F2D}.Release|Any CPU.Build.0 = Release|Any CPU
		{F7752F07-71D7-44D8-BEEA-4D1DCA9ABFEE}.Debug|Any CPU.ActiveCfg = Debug|Any CPU
		{F7752F07-71D7-44D8-BEEA-4D1DCA9ABFEE}.Debug|Any CPU.Build.0 = Debug|Any CPU
		{F7752F07-71D7-44D8-BEEA-4D1DCA9ABFEE}.Release|Any CPU.ActiveCfg = Release|Any CPU
		{F7752F07-71D7-44D8-BEEA-4D1DCA9ABFEE}.Release|Any CPU.Build.0 = Release|Any CPU
		{812CED70-D39E-4C40-8073-1C2262B5CFD0}.Debug|Any CPU.ActiveCfg = Debug|Any CPU
		{812CED70-D39E-4C40-8073-1C2262B5CFD0}.Debug|Any CPU.Build.0 = Debug|Any CPU
		{812CED70-D39E-4C40-8073-1C2262B5CFD0}.Release|Any CPU.ActiveCfg = Release|Any CPU
		{812CED70-D39E-4C40-8073-1C2262B5CFD0}.Release|Any CPU.Build.0 = Release|Any CPU
	EndGlobalSection
	GlobalSection(SolutionProperties) = preSolution
		HideSolutionNode = FALSE
	EndGlobalSection
	GlobalSection(NestedProjects) = preSolution
		{DF3580B6-DD82-453D-B103-FB5E573ECECB} = {02EA681E-C7D8-13C7-8484-4AC65E1B71E8}
		{C26054E3-4677-47A5-BDE7-B7B824F88CBD} = {02EA681E-C7D8-13C7-8484-4AC65E1B71E8}
		{975591C3-7CCA-4785-97FF-DB73CC2CE07A} = {02EA681E-C7D8-13C7-8484-4AC65E1B71E8}
		{45718D3B-962C-4939-9F73-2A619FF0AD66} = {02EA681E-C7D8-13C7-8484-4AC65E1B71E8}
		{A23D7EEF-ABE8-47D4-A826-BA25958CEF5D} = {DA84CCC6-F200-45AA-883B-05030414EAE4}
		{F327C9E5-EBD8-4CD8-8AFB-79698C13CCD3} = {DA84CCC6-F200-45AA-883B-05030414EAE4}
		{FBEC18CD-47DC-4309-874D-6286424E4F2D} = {DA84CCC6-F200-45AA-883B-05030414EAE4}
		{F7752F07-71D7-44D8-BEEA-4D1DCA9ABFEE} = {DA84CCC6-F200-45AA-883B-05030414EAE4}
		{812CED70-D39E-4C40-8073-1C2262B5CFD0} = {DA84CCC6-F200-45AA-883B-05030414EAE4}
	EndGlobalSection
	GlobalSection(ExtensibilityGlobals) = postSolution
		SolutionGuid = {6C2FBE9B-2C53-4536-8CB4-E2F845A62531}
	EndGlobalSection
EndGlobal
